
Microsoft Visual Studio Solution File, Format Version 12.00
# Visual Studio Version 16
VisualStudioVersion = 16.0.32126.315
MinimumVisualStudioVersion = 10.0.40219.1
Project("{FAE04EC0-301F-11D3-BF4B-00C04F79EFBC}") = "MinhasAnotacoes", "MinhasAnotacoes.csproj", "{8DAF1C9C-BA03-44F0-81D4-FCE1ECD9E146}"
EndProject
Global
	GlobalSection(SolutionConfigurationPlatforms) = preSolution
		Debug|Any CPU = Debug|Any CPU
		Release|Any CPU = Release|Any CPU
	EndGlobalSection
	GlobalSection(ProjectConfigurationPlatforms) = postSolution
		{8DAF1C9C-BA03-44F0-81D4-FCE1ECD9E146}.Debug|Any CPU.ActiveCfg = Debug|Any CPU
		{8DAF1C9C-BA03-44F0-81D4-FCE1ECD9E146}.Debug|Any CPU.Build.0 = Debug|Any CPU
		{8DAF1C9C-BA03-44F0-81D4-FCE1ECD9E146}.Release|Any CPU.ActiveCfg = Release|Any CPU
		{8DAF1C9C-BA03-44F0-81D4-FCE1ECD9E146}.Release|Any CPU.Build.0 = Release|Any CPU
	EndGlobalSection
	GlobalSection(SolutionProperties) = preSolution
		HideSolutionNode = FALSE
	EndGlobalSection
	GlobalSection(ExtensibilityGlobals) = postSolution
		SolutionGuid = {D35E9C2B-153A-4632-8F81-4F7447C24846}
	EndGlobalSection
EndGlobal
